// !$*UTF8*$!
{
	archiveVersion = 1;
	classes = {
	};
	objectVersion = 56;
	objects = {

/* Begin PBXBuildFile section */
		AF4ABDFE2ADD16F900711850 /* LearningApp.swift in Sources */ = {isa = PBXBuildFile; fileRef = AF4ABDFD2ADD16F900711850 /* LearningApp.swift */; };
		AF4ABE002ADD16F900711850 /* ContentView.swift in Sources */ = {isa = PBXBuildFile; fileRef = AF4ABDFF2ADD16F900711850 /* ContentView.swift */; };
		AF4ABE022ADD16FA00711850 /* Assets.xcassets in Resources */ = {isa = PBXBuildFile; fileRef = AF4ABE012ADD16FA00711850 /* Assets.xcassets */; };
		AF4ABE052ADD16FA00711850 /* Preview Assets.xcassets in Resources */ = {isa = PBXBuildFile; fileRef = AF4ABE042ADD16FA00711850 /* Preview Assets.xcassets */; };
		AF64F32B2AE79372006C44E9 /* HomeView.swift in Sources */ = {isa = PBXBuildFile; fileRef = AF64F32A2AE79372006C44E9 /* HomeView.swift */; };
		AF64F32D2AE793A1006C44E9 /* ProfileView.swift in Sources */ = {isa = PBXBuildFile; fileRef = AF64F32C2AE793A1006C44E9 /* ProfileView.swift */; };
		AF64F32F2AE79BF1006C44E9 /* ForgotPasswordView.swift in Sources */ = {isa = PBXBuildFile; fileRef = AF64F32E2AE79BF1006C44E9 /* ForgotPasswordView.swift */; };
		AF64F3312AE79E6D006C44E9 /* ResetPasswordView.swift in Sources */ = {isa = PBXBuildFile; fileRef = AF64F3302AE79E6D006C44E9 /* ResetPasswordView.swift */; };
		AFD1FBE02ADDA19200C7223F /* WelcomeView.swift in Sources */ = {isa = PBXBuildFile; fileRef = AFD1FBDF2ADDA19200C7223F /* WelcomeView.swift */; };
		AFD1FBE42ADDA31C00C7223F /* DashboardView.swift in Sources */ = {isa = PBXBuildFile; fileRef = AFD1FBE32ADDA31C00C7223F /* DashboardView.swift */; };
		AFD1FBE72ADDB01E00C7223F /* LoginView.swift in Sources */ = {isa = PBXBuildFile; fileRef = AFD1FBE62ADDB01E00C7223F /* LoginView.swift */; };
		AFD1FBE92ADDB03700C7223F /* RegisterView.swift in Sources */ = {isa = PBXBuildFile; fileRef = AFD1FBE82ADDB03700C7223F /* RegisterView.swift */; };
/* End PBXBuildFile section */

/* Begin PBXFileReference section */
		AF4ABDFA2ADD16F900711850 /* Learning.app */ = {isa = PBXFileReference; explicitFileType = wrapper.application; includeInIndex = 0; path = Learning.app; sourceTree = BUILT_PRODUCTS_DIR; };
		AF4ABDFD2ADD16F900711850 /* LearningApp.swift */ = {isa = PBXFileReference; lastKnownFileType = sourcecode.swift; path = LearningApp.swift; sourceTree = "<group>"; };
		AF4ABDFF2ADD16F900711850 /* ContentView.swift */ = {isa = PBXFileReference; lastKnownFileType = sourcecode.swift; path = ContentView.swift; sourceTree = "<group>"; };
		AF4ABE012ADD16FA00711850 /* Assets.xcassets */ = {isa = PBXFileReference; lastKnownFileType = folder.assetcatalog; path = Assets.xcassets; sourceTree = "<group>"; };
		AF4ABE042ADD16FA00711850 /* Preview Assets.xcassets */ = {isa = PBXFileReference; lastKnownFileType = folder.assetcatalog; path = "Preview Assets.xcassets"; sourceTree = "<group>"; };
		AF64F32A2AE79372006C44E9 /* HomeView.swift */ = {isa = PBXFileReference; lastKnownFileType = sourcecode.swift; path = HomeView.swift; sourceTree = "<group>"; };
		AF64F32C2AE793A1006C44E9 /* ProfileView.swift */ = {isa = PBXFileReference; lastKnownFileType = sourcecode.swift; path = ProfileView.swift; sourceTree = "<group>"; };
		AF64F32E2AE79BF1006C44E9 /* ForgotPasswordView.swift */ = {isa = PBXFileReference; lastKnownFileType = sourcecode.swift; path = ForgotPasswordView.swift; sourceTree = "<group>"; };
		AF64F3302AE79E6D006C44E9 /* ResetPasswordView.swift */ = {isa = PBXFileReference; lastKnownFileType = sourcecode.swift; path = ResetPasswordView.swift; sourceTree = "<group>"; };
		AFD1FBDF2ADDA19200C7223F /* WelcomeView.swift */ = {isa = PBXFileReference; lastKnownFileType = sourcecode.swift; path = WelcomeView.swift; sourceTree = "<group>"; };
		AFD1FBE32ADDA31C00C7223F /* DashboardView.swift */ = {isa = PBXFileReference; lastKnownFileType = sourcecode.swift; path = DashboardView.swift; sourceTree = "<group>"; };
		AFD1FBE62ADDB01E00C7223F /* LoginView.swift */ = {isa = PBXFileReference; lastKnownFileType = sourcecode.swift; path = LoginView.swift; sourceTree = "<group>"; };
		AFD1FBE82ADDB03700C7223F /* RegisterView.swift */ = {isa = PBXFileReference; lastKnownFileType = sourcecode.swift; path = RegisterView.swift; sourceTree = "<group>"; };
/* End PBXFileReference section */

/* Begin PBXFrameworksBuildPhase section */
		AF4ABDF72ADD16F900711850 /* Frameworks */ = {
			isa = PBXFrameworksBuildPhase;
			buildActionMask = 2147483647;
			files = (
			);
			runOnlyForDeploymentPostprocessing = 0;
		};
/* End PBXFrameworksBuildPhase section */

/* Begin PBXGroup section */
		AF4ABDF12ADD16F900711850 = {
			isa = PBXGroup;
			children = (
				AF4ABDFC2ADD16F900711850 /* Learning */,
				AF4ABDFB2ADD16F900711850 /* Products */,
			);
			sourceTree = "<group>";
		};
		AF4ABDFB2ADD16F900711850 /* Products */ = {
			isa = PBXGroup;
			children = (
				AF4ABDFA2ADD16F900711850 /* Learning.app */,
			);
			name = Products;
			sourceTree = "<group>";
		};
		AF4ABDFC2ADD16F900711850 /* Learning */ = {
			isa = PBXGroup;
			children = (
				AF64F3342AE7A77C006C44E9 /* Welcome */,
				AF64F3332AE7A6B6006C44E9 /* Profile */,
				AF64F3322AE7A6A2006C44E9 /* Home */,
				AFD1FBE52ADDB00400C7223F /* Auth */,
				AFD1FBE22ADDA2FB00C7223F /* Dashboard */,
				AF4ABDFD2ADD16F900711850 /* LearningApp.swift */,
				AF4ABDFF2ADD16F900711850 /* ContentView.swift */,
				AF4ABE012ADD16FA00711850 /* Assets.xcassets */,
				AF4ABE032ADD16FA00711850 /* Preview Content */,
			);
			path = Learning;
			sourceTree = "<group>";
		};
		AF4ABE032ADD16FA00711850 /* Preview Content */ = {
			isa = PBXGroup;
			children = (
				AF4ABE042ADD16FA00711850 /* Preview Assets.xcassets */,
			);
			path = "Preview Content";
			sourceTree = "<group>";
		};
		AF64F3322AE7A6A2006C44E9 /* Home */ = {
			isa = PBXGroup;
			children = (
				AF64F32A2AE79372006C44E9 /* HomeView.swift */,
			);
			path = Home;
			sourceTree = "<group>";
		};
		AF64F3332AE7A6B6006C44E9 /* Profile */ = {
			isa = PBXGroup;
			children = (
				AF64F32C2AE793A1006C44E9 /* ProfileView.swift */,
			);
			path = Profile;
			sourceTree = "<group>";
		};
		AF64F3342AE7A77C006C44E9 /* Welcome */ = {
			isa = PBXGroup;
			children = (
				AFD1FBDF2ADDA19200C7223F /* WelcomeView.swift */,
			);
			path = Welcome;
			sourceTree = "<group>";
		};
		AFD1FBE22ADDA2FB00C7223F /* Dashboard */ = {
			isa = PBXGroup;
			children = (
				AFD1FBE32ADDA31C00C7223F /* DashboardView.swift */,
			);
			path = Dashboard;
			sourceTree = "<group>";
		};
		AFD1FBE52ADDB00400C7223F /* Auth */ = {
			isa = PBXGroup;
			children = (
				AFD1FBE62ADDB01E00C7223F /* LoginView.swift */,
				AFD1FBE82ADDB03700C7223F /* RegisterView.swift */,
				AF64F32E2AE79BF1006C44E9 /* ForgotPasswordView.swift */,
				AF64F3302AE79E6D006C44E9 /* ResetPasswordView.swift */,
			);
			path = Auth;
			sourceTree = "<group>";
		};
/* End PBXGroup section */

/* Begin PBXNativeTarget section */
		AF4ABDF92ADD16F900711850 /* Learning */ = {
			isa = PBXNativeTarget;
			buildConfigurationList = AF4ABE082ADD16FA00711850 /* Build configuration list for PBXNativeTarget "Learning" */;
			buildPhases = (
				AF4ABDF62ADD16F900711850 /* Sources */,
				AF4ABDF72ADD16F900711850 /* Frameworks */,
				AF4ABDF82ADD16F900711850 /* Resources */,
			);
			buildRules = (
			);
			dependencies = (
			);
			name = Learning;
			productName = Learning;
			productReference = AF4ABDFA2ADD16F900711850 /* Learning.app */;
			productType = "com.apple.product-type.application";
		};
/* End PBXNativeTarget section */

/* Begin PBXProject section */
		AF4ABDF22ADD16F900711850 /* Project object */ = {
			isa = PBXProject;
			attributes = {
				BuildIndependentTargetsInParallel = 1;
				LastSwiftUpdateCheck = 1430;
				LastUpgradeCheck = 1430;
				TargetAttributes = {
					AF4ABDF92ADD16F900711850 = {
						CreatedOnToolsVersion = 14.3.1;
					};
				};
			};
			buildConfigurationList = AF4ABDF52ADD16F900711850 /* Build configuration list for PBXProject "Learning" */;
			compatibilityVersion = "Xcode 14.0";
			developmentRegion = en;
			hasScannedForEncodings = 0;
			knownRegions = (
				en,
				Base,
			);
			mainGroup = AF4ABDF12ADD16F900711850;
			productRefGroup = AF4ABDFB2ADD16F900711850 /* Products */;
			projectDirPath = "";
			projectRoot = "";
			targets = (
				AF4ABDF92ADD16F900711850 /* Learning */,
			);
		};
/* End PBXProject section */

/* Begin PBXResourcesBuildPhase section */
		AF4ABDF82ADD16F900711850 /* Resources */ = {
			isa = PBXResourcesBuildPhase;
			buildActionMask = 2147483647;
			files = (
				AF4ABE052ADD16FA00711850 /* Preview Assets.xcassets in Resources */,
				AF4ABE022ADD16FA00711850 /* Assets.xcassets in Resources */,
			);
			runOnlyForDeploymentPostprocessing = 0;
		};
/* End PBXResourcesBuildPhase section */

/* Begin PBXSourcesBuildPhase section */
		AF4ABDF62ADD16F900711850 /* Sources */ = {
			isa = PBXSourcesBuildPhase;
			buildActionMask = 2147483647;
			files = (
				AF64F32D2AE793A1006C44E9 /* ProfileView.swift in Sources */,
				AFD1FBE72ADDB01E00C7223F /* LoginView.swift in Sources */,
				AF64F32B2AE79372006C44E9 /* HomeView.swift in Sources */,
				AF4ABE002ADD16F900711850 /* ContentView.swift in Sources */,
				AFD1FBE42ADDA31C00C7223F /* DashboardView.swift in Sources */,
				AFD1FBE92ADDB03700C7223F /* RegisterView.swift in Sources */,
				AFD1FBE02ADDA19200C7223F /* WelcomeView.swift in Sources */,
				AF64F3312AE79E6D006C44E9 /* ResetPasswordView.swift in Sources */,
				AF64F32F2AE79BF1006C44E9 /* ForgotPasswordView.swift in Sources */,
				AF4ABDFE2ADD16F900711850 /* LearningApp.swift in Sources */,
			);
			runOnlyForDeploymentPostprocessing = 0;
		};
/* End PBXSourcesBuildPhase section */

/* Begin XCBuildConfiguration section */
		AF4ABE062ADD16FA00711850 /* Debug */ = {
			isa = XCBuildConfiguration;
			buildSettings = {
				ALWAYS_SEARCH_USER_PATHS = NO;
				CLANG_ANALYZER_NONNULL = YES;
				CLANG_ANALYZER_NUMBER_OBJECT_CONVERSION = YES_AGGRESSIVE;
				CLANG_CXX_LANGUAGE_STANDARD = "gnu++20";
				CLANG_ENABLE_MODULES = YES;
				CLANG_ENABLE_OBJC_ARC = YES;
				CLANG_ENABLE_OBJC_WEAK = YES;
				CLANG_WARN_BLOCK_CAPTURE_AUTORELEASING = YES;
				CLANG_WARN_BOOL_CONVERSION = YES;
				CLANG_WARN_COMMA = YES;
				CLANG_WARN_CONSTANT_CONVERSION = YES;
				CLANG_WARN_DEPRECATED_OBJC_IMPLEMENTATIONS = YES;
				CLANG_WARN_DIRECT_OBJC_ISA_USAGE = YES_ERROR;
				CLANG_WARN_DOCUMENTATION_COMMENTS = YES;
				CLANG_WARN_EMPTY_BODY = YES;
				CLANG_WARN_ENUM_CONVERSION = YES;
				CLANG_WARN_INFINITE_RECURSION = YES;
				CLANG_WARN_INT_CONVERSION = YES;
				CLANG_WARN_NON_LITERAL_NULL_CONVERSION = YES;
				CLANG_WARN_OBJC_IMPLICIT_RETAIN_SELF = YES;
				CLANG_WARN_OBJC_LITERAL_CONVERSION = YES;
				CLANG_WARN_OBJC_ROOT_CLASS = YES_ERROR;
				CLANG_WARN_QUOTED_INCLUDE_IN_FRAMEWORK_HEADER = YES;
				CLANG_WARN_RANGE_LOOP_ANALYSIS = YES;
				CLANG_WARN_STRICT_PROTOTYPES = YES;
				CLANG_WARN_SUSPICIOUS_MOVE = YES;
				CLANG_WARN_UNGUARDED_AVAILABILITY = YES_AGGRESSIVE;
				CLANG_WARN_UNREACHABLE_CODE = YES;
				CLANG_WARN__DUPLICATE_METHOD_MATCH = YES;
				COPY_PHASE_STRIP = NO;
				DEBUG_INFORMATION_FORMAT = dwarf;
				ENABLE_STRICT_OBJC_MSGSEND = YES;
				ENABLE_TESTABILITY = YES;
				GCC_C_LANGUAGE_STANDARD = gnu11;
				GCC_DYNAMIC_NO_PIC = NO;
				GCC_NO_COMMON_BLOCKS = YES;
				GCC_OPTIMIZATION_LEVEL = 0;
				GCC_PREPROCESSOR_DEFINITIONS = (
					"DEBUG=1",
					"$(inherited)",
				);
				GCC_WARN_64_TO_32_BIT_CONVERSION = YES;
				GCC_WARN_ABOUT_RETURN_TYPE = YES_ERROR;
				GCC_WARN_UNDECLARED_SELECTOR = YES;
				GCC_WARN_UNINITIALIZED_AUTOS = YES_AGGRESSIVE;
				GCC_WARN_UNUSED_FUNCTION = YES;
				GCC_WARN_UNUSED_VARIABLE = YES;
				IPHONEOS_DEPLOYMENT_TARGET = 16.4;
				MTL_ENABLE_DEBUG_INFO = INCLUDE_SOURCE;
				MTL_FAST_MATH = YES;
				ONLY_ACTIVE_ARCH = YES;
				SDKROOT = iphoneos;
				SWIFT_ACTIVE_COMPILATION_CONDITIONS = DEBUG;
				SWIFT_OPTIMIZATION_LEVEL = "-Onone";
			};
			name = Debug;
		};
		AF4ABE072ADD16FA00711850 /* Release */ = {
			isa = XCBuildConfiguration;
			buildSettings = {
				ALWAYS_SEARCH_USER_PATHS = NO;
				CLANG_ANALYZER_NONNULL = YES;
				CLANG_ANALYZER_NUMBER_OBJECT_CONVERSION = YES_AGGRESSIVE;
				CLANG_CXX_LANGUAGE_STANDARD = "gnu++20";
				CLANG_ENABLE_MODULES = YES;
				CLANG_ENABLE_OBJC_ARC = YES;
				CLANG_ENABLE_OBJC_WEAK = YES;
				CLANG_WARN_BLOCK_CAPTURE_AUTORELEASING = YES;
				CLANG_WARN_BOOL_CONVERSION = YES;
				CLANG_WARN_COMMA = YES;
				CLANG_WARN_CONSTANT_CONVERSION = YES;
				CLANG_WARN_DEPRECATED_OBJC_IMPLEMENTATIONS = YES;
				CLANG_WARN_DIRECT_OBJC_ISA_USAGE = YES_ERROR;
				CLANG_WARN_DOCUMENTATION_COMMENTS = YES;
				CLANG_WARN_EMPTY_BODY = YES;
				CLANG_WARN_ENUM_CONVERSION = YES;
				CLANG_WARN_INFINITE_RECURSION = YES;
				CLANG_WARN_INT_CONVERSION = YES;
				CLANG_WARN_NON_LITERAL_NULL_CONVERSION = YES;
				CLANG_WARN_OBJC_IMPLICIT_RETAIN_SELF = YES;
				CLANG_WARN_OBJC_LITERAL_CONVERSION = YES;
				CLANG_WARN_OBJC_ROOT_CLASS = YES_ERROR;
				CLANG_WARN_QUOTED_INCLUDE_IN_FRAMEWORK_HEADER = YES;
				CLANG_WARN_RANGE_LOOP_ANALYSIS = YES;
				CLANG_WARN_STRICT_PROTOTYPES = YES;
				CLANG_WARN_SUSPICIOUS_MOVE = YES;
				CLANG_WARN_UNGUARDED_AVAILABILITY = YES_AGGRESSIVE;
				CLANG_WARN_UNREACHABLE_CODE = YES;
				CLANG_WARN__DUPLICATE_METHOD_MATCH = YES;
				COPY_PHASE_STRIP = NO;
				DEBUG_INFORMATION_FORMAT = "dwarf-with-dsym";
				ENABLE_NS_ASSERTIONS = NO;
				ENABLE_STRICT_OBJC_MSGSEND = YES;
				GCC_C_LANGUAGE_STANDARD = gnu11;
				GCC_NO_COMMON_BLOCKS = YES;
				GCC_WARN_64_TO_32_BIT_CONVERSION = YES;
				GCC_WARN_ABOUT_RETURN_TYPE = YES_ERROR;
				GCC_WARN_UNDECLARED_SELECTOR = YES;
				GCC_WARN_UNINITIALIZED_AUTOS = YES_AGGRESSIVE;
				GCC_WARN_UNUSED_FUNCTION = YES;
				GCC_WARN_UNUSED_VARIABLE = YES;
				IPHONEOS_DEPLOYMENT_TARGET = 16.4;
				MTL_ENABLE_DEBUG_INFO = NO;
				MTL_FAST_MATH = YES;
				SDKROOT = iphoneos;
				SWIFT_COMPILATION_MODE = wholemodule;
				SWIFT_OPTIMIZATION_LEVEL = "-O";
				VALIDATE_PRODUCT = YES;
			};
			name = Release;
		};
		AF4ABE092ADD16FA00711850 /* Debug */ = {
			isa = XCBuildConfiguration;
			buildSettings = {
				ASSETCATALOG_COMPILER_APPICON_NAME = AppIcon;
				ASSETCATALOG_COMPILER_GLOBAL_ACCENT_COLOR_NAME = AccentColor;
				CODE_SIGN_STYLE = Automatic;
				CURRENT_PROJECT_VERSION = 1;
				DEVELOPMENT_ASSET_PATHS = "\"Learning/Preview Content\"";
				ENABLE_PREVIEWS = YES;
				GENERATE_INFOPLIST_FILE = YES;
				INFOPLIST_KEY_UIApplicationSceneManifest_Generation = YES;
				INFOPLIST_KEY_UIApplicationSupportsIndirectInputEvents = YES;
				INFOPLIST_KEY_UILaunchScreen_Generation = YES;
				INFOPLIST_KEY_UISupportedInterfaceOrientations_iPad = "UIInterfaceOrientationPortrait UIInterfaceOrientationPortraitUpsideDown UIInterfaceOrientationLandscapeLeft UIInterfaceOrientationLandscapeRight";
				INFOPLIST_KEY_UISupportedInterfaceOrientations_iPhone = "UIInterfaceOrientationPortrait UIInterfaceOrientationLandscapeLeft UIInterfaceOrientationLandscapeRight";
				LD_RUNPATH_SEARCH_PATHS = (
					"$(inherited)",
					"@executable_path/Frameworks",
				);
				MARKETING_VERSION = 1.0;
				PRODUCT_BUNDLE_IDENTIFIER = com.jnyakush.Learning;
				PRODUCT_NAME = "$(TARGET_NAME)";
				SWIFT_EMIT_LOC_STRINGS = YES;
				SWIFT_VERSION = 5.0;
				TARGETED_DEVICE_FAMILY = "1,2";
			};
			name = Debug;
		};
		AF4ABE0A2ADD16FA00711850 /* Release */ = {
			isa = XCBuildConfiguration;
			buildSettings = {
				ASSETCATALOG_COMPILER_APPICON_NAME = AppIcon;
				ASSETCATALOG_COMPILER_GLOBAL_ACCENT_COLOR_NAME = AccentColor;
				CODE_SIGN_STYLE = Automatic;
				CURRENT_PROJECT_VERSION = 1;
				DEVELOPMENT_ASSET_PATHS = "\"Learning/Preview Content\"";
				ENABLE_PREVIEWS = YES;
				GENERATE_INFOPLIST_FILE = YES;
				INFOPLIST_KEY_UIApplicationSceneManifest_Generation = YES;
				INFOPLIST_KEY_UIApplicationSupportsIndirectInputEvents = YES;
				INFOPLIST_KEY_UILaunchScreen_Generation = YES;
				INFOPLIST_KEY_UISupportedInterfaceOrientations_iPad = "UIInterfaceOrientationPortrait UIInterfaceOrientationPortraitUpsideDown UIInterfaceOrientationLandscapeLeft UIInterfaceOrientationLandscapeRight";
				INFOPLIST_KEY_UISupportedInterfaceOrientations_iPhone = "UIInterfaceOrientationPortrait UIInterfaceOrientationLandscapeLeft UIInterfaceOrientationLandscapeRight";
				LD_RUNPATH_SEARCH_PATHS = (
					"$(inherited)",
					"@executable_path/Frameworks",
				);
				MARKETING_VERSION = 1.0;
				PRODUCT_BUNDLE_IDENTIFIER = com.jnyakush.Learning;
				PRODUCT_NAME = "$(TARGET_NAME)";
				SWIFT_EMIT_LOC_STRINGS = YES;
				SWIFT_VERSION = 5.0;
				TARGETED_DEVICE_FAMILY = "1,2";
			};
			name = Release;
		};
/* End XCBuildConfiguration section */

/* Begin XCConfigurationList section */
		AF4ABDF52ADD16F900711850 /* Build configuration list for PBXProject "Learning" */ = {
			isa = XCConfigurationList;
			buildConfigurations = (
				AF4ABE062ADD16FA00711850 /* Debug */,
				AF4ABE072ADD16FA00711850 /* Release */,
			);
			defaultConfigurationIsVisible = 0;
			defaultConfigurationName = Release;
		};
		AF4ABE082ADD16FA00711850 /* Build configuration list for PBXNativeTarget "Learning" */ = {
			isa = XCConfigurationList;
			buildConfigurations = (
				AF4ABE092ADD16FA00711850 /* Debug */,
				AF4ABE0A2ADD16FA00711850 /* Release */,
			);
			defaultConfigurationIsVisible = 0;
			defaultConfigurationName = Release;
		};
/* End XCConfigurationList section */
	};
	rootObject = AF4ABDF22ADD16F900711850 /* Project object */;
}
